
Microsoft Visual Studio Solution File, Format Version 12.00
# Visual Studio Version 17
VisualStudioVersion = 17.5.33502.453
MinimumVisualStudioVersion = 10.0.40219.1
Project("{FAE04EC0-301F-11D3-BF4B-00C04F79EFBC}") = "Week 8 practice", "Week 8 practice\Week 8 practice.csproj", "{9D389BDE-DB5A-4F8C-92FE-C43A68B2071F}"
EndProject
Global
	GlobalSection(SolutionConfigurationPlatforms) = preSolution
		Debug|Any CPU = Debug|Any CPU
		Release|Any CPU = Release|Any CPU
	EndGlobalSection
	GlobalSection(ProjectConfigurationPlatforms) = postSolution
		{9D389BDE-DB5A-4F8C-92FE-C43A68B2071F}.Debug|Any CPU.ActiveCfg = Debug|Any CPU
		{9D389BDE-DB5A-4F8C-92FE-C43A68B2071F}.Debug|Any CPU.Build.0 = Debug|Any CPU
		{9D389BDE-DB5A-4F8C-92FE-C43A68B2071F}.Release|Any CPU.ActiveCfg = Release|Any CPU
		{9D389BDE-DB5A-4F8C-92FE-C43A68B2071F}.Release|Any CPU.Build.0 = Release|Any CPU
	EndGlobalSection
	GlobalSection(SolutionProperties) = preSolution
		HideSolutionNode = FALSE
	EndGlobalSection
	GlobalSection(ExtensibilityGlobals) = postSolution
		SolutionGuid = {A760370E-37B4-42D8-8533-A160561533D0}
	EndGlobalSection
EndGlobal
